
Microsoft Visual Studio Solution File, Format Version 10.00
# Visual Basic Express 2008
Project("{F184B08F-C81C-45F6-A57F-5ABD9991F28F}") = "Evaluacion 3", "Evaluacion 3\Evaluacion 3.vbproj", "{E840CD9D-3B4F-476E-BB4B-F615127F787A}"
EndProject
Global
	GlobalSection(SolutionConfigurationPlatforms) = preSolution
		Debug|Any CPU = Debug|Any CPU
		Release|Any CPU = Release|Any CPU
	EndGlobalSection
	GlobalSection(ProjectConfigurationPlatforms) = postSolution
		{E840CD9D-3B4F-476E-BB4B-F615127F787A}.Debug|Any CPU.ActiveCfg = Debug|Any CPU
		{E840CD9D-3B4F-476E-BB4B-F615127F787A}.Debug|Any CPU.Build.0 = Debug|Any CPU
		{E840CD9D-3B4F-476E-BB4B-F615127F787A}.Release|Any CPU.ActiveCfg = Release|Any CPU
		{E840CD9D-3B4F-476E-BB4B-F615127F787A}.Release|Any CPU.Build.0 = Release|Any CPU
	EndGlobalSection
	GlobalSection(SolutionProperties) = preSolution
		HideSolutionNode = FALSE
	EndGlobalSection
EndGlobal
